
Microsoft Visual Studio Solution File, Format Version 12.00
# Visual Studio 15
VisualStudioVersion = 15.0.28307.705
MinimumVisualStudioVersion = 10.0.40219.1
Project("{FAE04EC0-301F-11D3-BF4B-00C04F79EFBC}") = "authentication", "authentication\authentication.csproj", "{3C86D5EC-E1D6-4BC8-AC19-4231E047DEA1}"
EndProject
Global
	GlobalSection(SolutionConfigurationPlatforms) = preSolution
		Debug|Any CPU = Debug|Any CPU
		Release|Any CPU = Release|Any CPU
	EndGlobalSection
	GlobalSection(ProjectConfigurationPlatforms) = postSolution
		{3C86D5EC-E1D6-4BC8-AC19-4231E047DEA1}.Debug|Any CPU.ActiveCfg = Debug|Any CPU
		{3C86D5EC-E1D6-4BC8-AC19-4231E047DEA1}.Debug|Any CPU.Build.0 = Debug|Any CPU
		{3C86D5EC-E1D6-4BC8-AC19-4231E047DEA1}.Release|Any CPU.ActiveCfg = Release|Any CPU
		{3C86D5EC-E1D6-4BC8-AC19-4231E047DEA1}.Release|Any CPU.Build.0 = Release|Any CPU
	EndGlobalSection
	GlobalSection(SolutionProperties) = preSolution
		HideSolutionNode = FALSE
	EndGlobalSection
	GlobalSection(ExtensibilityGlobals) = postSolution
		SolutionGuid = {5C6CC50D-7368-4CE2-89B2-4756042D6E8F}
	EndGlobalSection
EndGlobal
